
Microsoft Visual Studio Solution File, Format Version 12.00
# Visual Studio 15
VisualStudioVersion = 15.0.27130.2010
MinimumVisualStudioVersion = 10.0.40219.1
Project("{9A19103F-16F7-4668-BE54-9A1E7A4F7556}") = "LeetCode", "LeetCode\LeetCode.csproj", "{133EC939-4B78-4A39-9B62-B05688270881}"
EndProject
Project("{FAE04EC0-301F-11D3-BF4B-00C04F79EFBC}") = "LeetCodeUnitTest", "LeetCodeUnitTest\LeetCodeUnitTest.csproj", "{CE9349A7-4615-4EC4-86AF-2924BF470314}"
EndProject
Project("{FAE04EC0-301F-11D3-BF4B-00C04F79EFBC}") = "Benchmarking", "Benchmarking\Benchmarking.csproj", "{0DE08B72-0B87-4667-9199-5DF5D8615661}"
EndProject
Global
	GlobalSection(SolutionConfigurationPlatforms) = preSolution
		Debug|Any CPU = Debug|Any CPU
		Release|Any CPU = Release|Any CPU
	EndGlobalSection
	GlobalSection(ProjectConfigurationPlatforms) = postSolution
		{133EC939-4B78-4A39-9B62-B05688270881}.Debug|Any CPU.ActiveCfg = Debug|Any CPU
		{133EC939-4B78-4A39-9B62-B05688270881}.Debug|Any CPU.Build.0 = Debug|Any CPU
		{133EC939-4B78-4A39-9B62-B05688270881}.Release|Any CPU.ActiveCfg = Release|Any CPU
		{133EC939-4B78-4A39-9B62-B05688270881}.Release|Any CPU.Build.0 = Release|Any CPU
		{CE9349A7-4615-4EC4-86AF-2924BF470314}.Debug|Any CPU.ActiveCfg = Debug|Any CPU
		{CE9349A7-4615-4EC4-86AF-2924BF470314}.Debug|Any CPU.Build.0 = Debug|Any CPU
		{CE9349A7-4615-4EC4-86AF-2924BF470314}.Release|Any CPU.ActiveCfg = Release|Any CPU
		{CE9349A7-4615-4EC4-86AF-2924BF470314}.Release|Any CPU.Build.0 = Release|Any CPU
		{0DE08B72-0B87-4667-9199-5DF5D8615661}.Debug|Any CPU.ActiveCfg = Debug|Any CPU
		{0DE08B72-0B87-4667-9199-5DF5D8615661}.Debug|Any CPU.Build.0 = Debug|Any CPU
		{0DE08B72-0B87-4667-9199-5DF5D8615661}.Release|Any CPU.ActiveCfg = Release|Any CPU
		{0DE08B72-0B87-4667-9199-5DF5D8615661}.Release|Any CPU.Build.0 = Release|Any CPU
	EndGlobalSection
	GlobalSection(SolutionProperties) = preSolution
		HideSolutionNode = FALSE
	EndGlobalSection
	GlobalSection(ExtensibilityGlobals) = postSolution
		SolutionGuid = {8DD953CE-C104-4BDF-929D-DE758D71D588}
	EndGlobalSection
EndGlobal
